
Microsoft Visual Studio Solution File, Format Version 12.00
# Visual Studio Version 16
VisualStudioVersion = 16.0.31702.278
MinimumVisualStudioVersion = 10.0.40219.1
Project("{FAE04EC0-301F-11D3-BF4B-00C04F79EFBC}") = "SHILab5", "SHILab5.csproj", "{885DD186-4AA2-46FB-BD31-C704B194C095}"
EndProject
Global
	GlobalSection(SolutionConfigurationPlatforms) = preSolution
		Debug|Any CPU = Debug|Any CPU
		Release|Any CPU = Release|Any CPU
	EndGlobalSection
	GlobalSection(ProjectConfigurationPlatforms) = postSolution
		{885DD186-4AA2-46FB-BD31-C704B194C095}.Debug|Any CPU.ActiveCfg = Debug|Any CPU
		{885DD186-4AA2-46FB-BD31-C704B194C095}.Debug|Any CPU.Build.0 = Debug|Any CPU
		{885DD186-4AA2-46FB-BD31-C704B194C095}.Release|Any CPU.ActiveCfg = Release|Any CPU
		{885DD186-4AA2-46FB-BD31-C704B194C095}.Release|Any CPU.Build.0 = Release|Any CPU
	EndGlobalSection
	GlobalSection(SolutionProperties) = preSolution
		HideSolutionNode = FALSE
	EndGlobalSection
	GlobalSection(ExtensibilityGlobals) = postSolution
		SolutionGuid = {151584F0-78FA-4169-AD04-61BC2EDD0B26}
	EndGlobalSection
EndGlobal
